
Microsoft Visual Studio Solution File, Format Version 12.00
# Visual Studio Version 17
VisualStudioVersion = 17.14.36301.6 d17.14
MinimumVisualStudioVersion = 10.0.40219.1
Project("{FAE04EC0-301F-11D3-BF4B-00C04F79EFBC}") = "Topic 5 - If Statement", "Topic 5 - If Statement\Topic 5 - If Statement.csproj", "{6BD252C0-C95F-4604-B63A-95AB713D764A}"
EndProject
Global
	GlobalSection(SolutionConfigurationPlatforms) = preSolution
		Debug|Any CPU = Debug|Any CPU
		Release|Any CPU = Release|Any CPU
	EndGlobalSection
	GlobalSection(ProjectConfigurationPlatforms) = postSolution
		{6BD252C0-C95F-4604-B63A-95AB713D764A}.Debug|Any CPU.ActiveCfg = Debug|Any CPU
		{6BD252C0-C95F-4604-B63A-95AB713D764A}.Debug|Any CPU.Build.0 = Debug|Any CPU
		{6BD252C0-C95F-4604-B63A-95AB713D764A}.Release|Any CPU.ActiveCfg = Release|Any CPU
		{6BD252C0-C95F-4604-B63A-95AB713D764A}.Release|Any CPU.Build.0 = Release|Any CPU
	EndGlobalSection
	GlobalSection(SolutionProperties) = preSolution
		HideSolutionNode = FALSE
	EndGlobalSection
	GlobalSection(ExtensibilityGlobals) = postSolution
		SolutionGuid = {9465ECD0-A75C-4500-A2AB-CC925E3A34F4}
	EndGlobalSection
EndGlobal
